{
	"name": "film-organizer",
	"version": "0.0.1",
	"lockfileVersion": 3,
	"requires": true,
	"packages": {
		"": {
			"name": "film-organizer",
			"version": "0.0.1",
			"license": "GPLv3",
			"devDependencies": {
				"electro": "^2.1.1"
			}
		},
		"node_modules/electro": {
			"version": "2.1.1",
			"resolved": "https://registry.npmjs.org/electro/-/electro-2.1.1.tgz",
			"integrity": "sha512-FJ24HKE/GGjvD14lBMcMerS3uIGag1SzOLD03L779bAaTi8uzcM8la06yqCO0vHG7gH0hufF9mL0K69+5a625w==",
			"dev": true,
			"license": "MIT",
			"dependencies": {
				"minimist": "~1.2.0",
				"subarg": "^1.0.0"
			},
			"bin": {
				"electro": "index.js"
			}
		},
		"node_modules/minimist": {
			"version": "1.2.8",
			"resolved": "https://registry.npmjs.org/minimist/-/minimist-1.2.8.tgz",
			"integrity": "sha512-2yyAR8qBkN3YuheJanUpWC5U3bb5osDywNB8RzDVlDwDHbocAJveqqj1u8+SVD7jkWT4yvsHCpWqqWqAxb0zCA==",
			"dev": true,
			"license": "MIT",
			"funding": {
				"url": "https://github.com/sponsors/ljharb"
			}
		},
		"node_modules/subarg": {
			"version": "1.0.0",
			"resolved": "https://registry.npmjs.org/subarg/-/subarg-1.0.0.tgz",
			"integrity": "sha512-RIrIdRY0X1xojthNcVtgT9sjpOGagEUKpZdgBUi054OEPFo282yg+zE+t1Rj3+RqKq2xStL7uUHhY+AjbC4BXg==",
			"dev": true,
			"license": "MIT",
			"dependencies": {
				"minimist": "^1.1.0"
			}
		}
	}
}
